{
  "name": "assets",
  "lockfileVersion": 3,
  "requires": true,
  "packages": {
    "": {
      "dependencies": {
        "@dao-xyz/borsh": "^5.2.2"
      }
    },
    "node_modules/@dao-xyz/borsh": {
      "version": "5.2.2",
      "resolved": "https://registry.npmjs.org/@dao-xyz/borsh/-/borsh-5.2.2.tgz",
      "integrity": "sha512-ODHzDe2ZnDTsydH2GM9jKmk0gdqahZaWevmZYoplGEeDBn1Gx7TzwcY63yb0Q3uv1Ut/Uh7wTRrP/fM3b+ThPQ==",
      "dependencies": {
        "@protobufjs/float": "^1.0.2",
        "@protobufjs/utf8": "^1.1.0"
      }
    },
    "node_modules/@protobufjs/float": {
      "version": "1.0.2",
      "resolved": "https://registry.npmjs.org/@protobufjs/float/-/float-1.0.2.tgz",
      "integrity": "sha512-Ddb+kVXlXst9d+R9PfTIxh1EdNkgoRe5tOX6t01f1lYWOvJnSPDBlG241QLzcyPdoNTsblLUdujGSE4RzrTZGQ=="
    },
    "node_modules/@protobufjs/utf8": {
      "version": "1.1.0",
      "resolved": "https://registry.npmjs.org/@protobufjs/utf8/-/utf8-1.1.0.tgz",
      "integrity": "sha512-Vvn3zZrhQZkkBE8LSuW3em98c0FwgO4nxzv6OdSxPKJIEKY2bGbHn+mhGIPerzI4twdxaP8/0+06HBpwf345Lw=="
    }
  }
}
